// !$*UTF8*$!
{
	archiveVersion = 1;
	classes = {
	};
	objectVersion = 46;
	objects = {

/* Begin PBXBuildFile section */
		072507C718A8FF49001BD96B /* Foundation.framework in Frameworks */ = {isa = PBXBuildFile; fileRef = 072507C618A8FF49001BD96B /* Foundation.framework */; };
		072507C918A8FF49001BD96B /* CoreGraphics.framework in Frameworks */ = {isa = PBXBuildFile; fileRef = 072507C818A8FF49001BD96B /* CoreGraphics.framework */; };
		072507CB18A8FF49001BD96B /* UIKit.framework in Frameworks */ = {isa = PBXBuildFile; fileRef = 072507CA18A8FF49001BD96B /* UIKit.framework */; };
		072507D118A8FF49001BD96B /* InfoPlist.strings in Resources */ = {isa = PBXBuildFile; fileRef = 072507CF18A8FF49001BD96B /* InfoPlist.strings */; };
		072507D318A8FF49001BD96B /* main.m in Sources */ = {isa = PBXBuildFile; fileRef = 072507D218A8FF49001BD96B /* main.m */; };
		072507D718A8FF49001BD96B /* AppDelegate.m in Sources */ = {isa = PBXBuildFile; fileRef = 072507D618A8FF49001BD96B /* AppDelegate.m */; };
		072507DA18A8FF49001BD96B /* Main.storyboard in Resources */ = {isa = PBXBuildFile; fileRef = 072507D818A8FF49001BD96B /* Main.storyboard */; };
		072507DD18A8FF49001BD96B /* BeaconListViewController.m in Sources */ = {isa = PBXBuildFile; fileRef = 072507DC18A8FF49001BD96B /* BeaconListViewController.m */; };
		072507E218A8FF49001BD96B /* Images.xcassets in Resources */ = {isa = PBXBuildFile; fileRef = 072507E118A8FF49001BD96B /* Images.xcassets */; };
		072507E918A8FF49001BD96B /* XCTest.framework in Frameworks */ = {isa = PBXBuildFile; fileRef = 072507E818A8FF49001BD96B /* XCTest.framework */; };
		072507EA18A8FF49001BD96B /* Foundation.framework in Frameworks */ = {isa = PBXBuildFile; fileRef = 072507C618A8FF49001BD96B /* Foundation.framework */; };
		072507EB18A8FF49001BD96B /* UIKit.framework in Frameworks */ = {isa = PBXBuildFile; fileRef = 072507CA18A8FF49001BD96B /* UIKit.framework */; };
		072507F318A8FF49001BD96B /* InfoPlist.strings in Resources */ = {isa = PBXBuildFile; fileRef = 072507F118A8FF49001BD96B /* InfoPlist.strings */; };
		072507F518A8FF49001BD96B /* BeaconTestTests.m in Sources */ = {isa = PBXBuildFile; fileRef = 072507F418A8FF49001BD96B /* BeaconTestTests.m */; };
		0725080018AAB11F001BD96B /* BeaconConfigurationListViewController.m in Sources */ = {isa = PBXBuildFile; fileRef = 072507FF18AAB11F001BD96B /* BeaconConfigurationListViewController.m */; };
		0725080318AAB157001BD96B /* BeaconConfigurationViewController.m in Sources */ = {isa = PBXBuildFile; fileRef = 0725080218AAB157001BD96B /* BeaconConfigurationViewController.m */; };
		0733732F18BF6512007DF655 /* libCorePlot-CocoaTouch.a in Frameworks */ = {isa = PBXBuildFile; fileRef = 0733732E18BF6512007DF655 /* libCorePlot-CocoaTouch.a */; };
		0733733118BF652B007DF655 /* CorePlotHeaders in Resources */ = {isa = PBXBuildFile; fileRef = 0733733018BF652B007DF655 /* CorePlotHeaders */; };
		0733733318BF654E007DF655 /* QuartzCore.framework in Frameworks */ = {isa = PBXBuildFile; fileRef = 0733733218BF654E007DF655 /* QuartzCore.framework */; };
		0733733618BF6590007DF655 /* RSSIGraphViewController.m in Sources */ = {isa = PBXBuildFile; fileRef = 0733733518BF6590007DF655 /* RSSIGraphViewController.m */; };
		0733733918BF9AF8007DF655 /* BeaconManager.m in Sources */ = {isa = PBXBuildFile; fileRef = 0733733818BF9AF8007DF655 /* BeaconManager.m */; };
		0733733E18BFDBBE007DF655 /* FilteringBeacon.m in Sources */ = {isa = PBXBuildFile; fileRef = 0733733D18BFDBBE007DF655 /* FilteringBeacon.m */; };
		0783A1DD18ABA59B00906A29 /* Beacon.m in Sources */ = {isa = PBXBuildFile; fileRef = 0783A1DC18ABA59B00906A29 /* Beacon.m */; };
/* End PBXBuildFile section */

/* Begin PBXContainerItemProxy section */
		072507EC18A8FF49001BD96B /* PBXContainerItemProxy */ = {
			isa = PBXContainerItemProxy;
			containerPortal = 072507BB18A8FF49001BD96B /* Project object */;
			proxyType = 1;
			remoteGlobalIDString = 072507C218A8FF49001BD96B;
			remoteInfo = BeaconTest;
		};
/* End PBXContainerItemProxy section */

/* Begin PBXFileReference section */
		072507C318A8FF49001BD96B /* BeaconTest.app */ = {isa = PBXFileReference; explicitFileType = wrapper.application; includeInIndex = 0; path = BeaconTest.app; sourceTree = BUILT_PRODUCTS_DIR; };
		072507C618A8FF49001BD96B /* Foundation.framework */ = {isa = PBXFileReference; lastKnownFileType = wrapper.framework; name = Foundation.framework; path = System/Library/Frameworks/Foundation.framework; sourceTree = SDKROOT; };
		072507C818A8FF49001BD96B /* CoreGraphics.framework */ = {isa = PBXFileReference; lastKnownFileType = wrapper.framework; name = CoreGraphics.framework; path = System/Library/Frameworks/CoreGraphics.framework; sourceTree = SDKROOT; };
		072507CA18A8FF49001BD96B /* UIKit.framework */ = {isa = PBXFileReference; lastKnownFileType = wrapper.framework; name = UIKit.framework; path = System/Library/Frameworks/UIKit.framework; sourceTree = SDKROOT; };
		072507CE18A8FF49001BD96B /* BeaconTest-Info.plist */ = {isa = PBXFileReference; lastKnownFileType = text.plist.xml; path = "BeaconTest-Info.plist"; sourceTree = "<group>"; };
		072507D018A8FF49001BD96B /* en */ = {isa = PBXFileReference; lastKnownFileType = text.plist.strings; name = en; path = en.lproj/InfoPlist.strings; sourceTree = "<group>"; };
		072507D218A8FF49001BD96B /* main.m */ = {isa = PBXFileReference; lastKnownFileType = sourcecode.c.objc; path = main.m; sourceTree = "<group>"; };
		072507D418A8FF49001BD96B /* BeaconTest-Prefix.pch */ = {isa = PBXFileReference; lastKnownFileType = sourcecode.c.h; path = "BeaconTest-Prefix.pch"; sourceTree = "<group>"; };
		072507D518A8FF49001BD96B /* AppDelegate.h */ = {isa = PBXFileReference; lastKnownFileType = sourcecode.c.h; path = AppDelegate.h; sourceTree = "<group>"; };
		072507D618A8FF49001BD96B /* AppDelegate.m */ = {isa = PBXFileReference; lastKnownFileType = sourcecode.c.objc; path = AppDelegate.m; sourceTree = "<group>"; };
		072507D918A8FF49001BD96B /* Base */ = {isa = PBXFileReference; lastKnownFileType = file.storyboard; name = Base; path = Base.lproj/Main.storyboard; sourceTree = "<group>"; };
		072507DB18A8FF49001BD96B /* BeaconListViewController.h */ = {isa = PBXFileReference; lastKnownFileType = sourcecode.c.h; path = BeaconListViewController.h; sourceTree = "<group>"; };
		072507DC18A8FF49001BD96B /* BeaconListViewController.m */ = {isa = PBXFileReference; lastKnownFileType = sourcecode.c.objc; path = BeaconListViewController.m; sourceTree = "<group>"; };
		072507E118A8FF49001BD96B /* Images.xcassets */ = {isa = PBXFileReference; lastKnownFileType = folder.assetcatalog; path = Images.xcassets; sourceTree = "<group>"; };
		072507E718A8FF49001BD96B /* BeaconTestTests.xctest */ = {isa = PBXFileReference; explicitFileType = wrapper.cfbundle; includeInIndex = 0; path = BeaconTestTests.xctest; sourceTree = BUILT_PRODUCTS_DIR; };
		072507E818A8FF49001BD96B /* XCTest.framework */ = {isa = PBXFileReference; lastKnownFileType = wrapper.framework; name = XCTest.framework; path = Library/Frameworks/XCTest.framework; sourceTree = DEVELOPER_DIR; };
		072507F018A8FF49001BD96B /* BeaconTestTests-Info.plist */ = {isa = PBXFileReference; lastKnownFileType = text.plist.xml; path = "BeaconTestTests-Info.plist"; sourceTree = "<group>"; };
		072507F218A8FF49001BD96B /* en */ = {isa = PBXFileReference; lastKnownFileType = text.plist.strings; name = en; path = en.lproj/InfoPlist.strings; sourceTree = "<group>"; };
		072507F418A8FF49001BD96B /* BeaconTestTests.m */ = {isa = PBXFileReference; lastKnownFileType = sourcecode.c.objc; path = BeaconTestTests.m; sourceTree = "<group>"; };
		072507FE18AAB11F001BD96B /* BeaconConfigurationListViewController.h */ = {isa = PBXFileReference; fileEncoding = 4; lastKnownFileType = sourcecode.c.h; path = BeaconConfigurationListViewController.h; sourceTree = "<group>"; };
		072507FF18AAB11F001BD96B /* BeaconConfigurationListViewController.m */ = {isa = PBXFileReference; fileEncoding = 4; lastKnownFileType = sourcecode.c.objc; path = BeaconConfigurationListViewController.m; sourceTree = "<group>"; };
		0725080118AAB157001BD96B /* BeaconConfigurationViewController.h */ = {isa = PBXFileReference; fileEncoding = 4; lastKnownFileType = sourcecode.c.h; path = BeaconConfigurationViewController.h; sourceTree = "<group>"; };
		0725080218AAB157001BD96B /* BeaconConfigurationViewController.m */ = {isa = PBXFileReference; fileEncoding = 4; lastKnownFileType = sourcecode.c.objc; path = BeaconConfigurationViewController.m; sourceTree = "<group>"; };
		0733732E18BF6512007DF655 /* libCorePlot-CocoaTouch.a */ = {isa = PBXFileReference; lastKnownFileType = archive.ar; path = "libCorePlot-CocoaTouch.a"; sourceTree = "<group>"; };
		0733733018BF652B007DF655 /* CorePlotHeaders */ = {isa = PBXFileReference; lastKnownFileType = folder; path = CorePlotHeaders; sourceTree = SOURCE_ROOT; };
		0733733218BF654E007DF655 /* QuartzCore.framework */ = {isa = PBXFileReference; lastKnownFileType = wrapper.framework; name = QuartzCore.framework; path = System/Library/Frameworks/QuartzCore.framework; sourceTree = SDKROOT; };
		0733733418BF6590007DF655 /* RSSIGraphViewController.h */ = {isa = PBXFileReference; fileEncoding = 4; lastKnownFileType = sourcecode.c.h; path = RSSIGraphViewController.h; sourceTree = "<group>"; };
		0733733518BF6590007DF655 /* RSSIGraphViewController.m */ = {isa = PBXFileReference; fileEncoding = 4; lastKnownFileType = sourcecode.c.objc; path = RSSIGraphViewController.m; sourceTree = "<group>"; };
		0733733718BF9AF8007DF655 /* BeaconManager.h */ = {isa = PBXFileReference; fileEncoding = 4; lastKnownFileType = sourcecode.c.h; path = BeaconManager.h; sourceTree = "<group>"; };
		0733733818BF9AF8007DF655 /* BeaconManager.m */ = {isa = PBXFileReference; fileEncoding = 4; lastKnownFileType = sourcecode.c.objc; path = BeaconManager.m; sourceTree = "<group>"; };
		0733733B18BF9B12007DF655 /* BeaconManagerDelegate.h */ = {isa = PBXFileReference; lastKnownFileType = sourcecode.c.h; path = BeaconManagerDelegate.h; sourceTree = "<group>"; };
		0733733C18BFDBBE007DF655 /* FilteringBeacon.h */ = {isa = PBXFileReference; fileEncoding = 4; lastKnownFileType = sourcecode.c.h; path = FilteringBeacon.h; sourceTree = "<group>"; };
		0733733D18BFDBBE007DF655 /* FilteringBeacon.m */ = {isa = PBXFileReference; fileEncoding = 4; lastKnownFileType = sourcecode.c.objc; path = FilteringBeacon.m; sourceTree = "<group>"; };
		0783A1DB18ABA59B00906A29 /* Beacon.h */ = {isa = PBXFileReference; fileEncoding = 4; lastKnownFileType = sourcecode.c.h; path = Beacon.h; sourceTree = "<group>"; };
		0783A1DC18ABA59B00906A29 /* Beacon.m */ = {isa = PBXFileReference; fileEncoding = 4; lastKnownFileType = sourcecode.c.objc; path = Beacon.m; sourceTree = "<group>"; };
/* End PBXFileReference section */

/* Begin PBXFrameworksBuildPhase section */
		072507C018A8FF49001BD96B /* Frameworks */ = {
			isa = PBXFrameworksBuildPhase;
			buildActionMask = 2147483647;
			files = (
				0733733318BF654E007DF655 /* QuartzCore.framework in Frameworks */,
				0733732F18BF6512007DF655 /* libCorePlot-CocoaTouch.a in Frameworks */,
				072507C918A8FF49001BD96B /* CoreGraphics.framework in Frameworks */,
				072507CB18A8FF49001BD96B /* UIKit.framework in Frameworks */,
				072507C718A8FF49001BD96B /* Foundation.framework in Frameworks */,
			);
			runOnlyForDeploymentPostprocessing = 0;
		};
		072507E418A8FF49001BD96B /* Frameworks */ = {
			isa = PBXFrameworksBuildPhase;
			buildActionMask = 2147483647;
			files = (
				072507E918A8FF49001BD96B /* XCTest.framework in Frameworks */,
				072507EB18A8FF49001BD96B /* UIKit.framework in Frameworks */,
				072507EA18A8FF49001BD96B /* Foundation.framework in Frameworks */,
			);
			runOnlyForDeploymentPostprocessing = 0;
		};
/* End PBXFrameworksBuildPhase section */

/* Begin PBXGroup section */
		072507BA18A8FF49001BD96B = {
			isa = PBXGroup;
			children = (
				072507CC18A8FF49001BD96B /* BeaconTest */,
				072507EE18A8FF49001BD96B /* BeaconTestTests */,
				072507C518A8FF49001BD96B /* Frameworks */,
				072507C418A8FF49001BD96B /* Products */,
			);
			sourceTree = "<group>";
		};
		072507C418A8FF49001BD96B /* Products */ = {
			isa = PBXGroup;
			children = (
				072507C318A8FF49001BD96B /* BeaconTest.app */,
				072507E718A8FF49001BD96B /* BeaconTestTests.xctest */,
			);
			name = Products;
			sourceTree = "<group>";
		};
		072507C518A8FF49001BD96B /* Frameworks */ = {
			isa = PBXGroup;
			children = (
				0733733218BF654E007DF655 /* QuartzCore.framework */,
				0733732E18BF6512007DF655 /* libCorePlot-CocoaTouch.a */,
				072507C618A8FF49001BD96B /* Foundation.framework */,
				072507C818A8FF49001BD96B /* CoreGraphics.framework */,
				072507CA18A8FF49001BD96B /* UIKit.framework */,
				072507E818A8FF49001BD96B /* XCTest.framework */,
			);
			name = Frameworks;
			sourceTree = "<group>";
		};
		072507CC18A8FF49001BD96B /* BeaconTest */ = {
			isa = PBXGroup;
			children = (
				0733733A18BF9AFE007DF655 /* Beacons */,
				0733733018BF652B007DF655 /* CorePlotHeaders */,
				072507D818A8FF49001BD96B /* Main.storyboard */,
				072507D518A8FF49001BD96B /* AppDelegate.h */,
				072507D618A8FF49001BD96B /* AppDelegate.m */,
				072507DB18A8FF49001BD96B /* BeaconListViewController.h */,
				072507DC18A8FF49001BD96B /* BeaconListViewController.m */,
				0733733418BF6590007DF655 /* RSSIGraphViewController.h */,
				0733733518BF6590007DF655 /* RSSIGraphViewController.m */,
				072507FE18AAB11F001BD96B /* BeaconConfigurationListViewController.h */,
				072507FF18AAB11F001BD96B /* BeaconConfigurationListViewController.m */,
				0725080118AAB157001BD96B /* BeaconConfigurationViewController.h */,
				0725080218AAB157001BD96B /* BeaconConfigurationViewController.m */,
				072507E118A8FF49001BD96B /* Images.xcassets */,
				072507CD18A8FF49001BD96B /* Supporting Files */,
			);
			path = BeaconTest;
			sourceTree = "<group>";
		};
		072507CD18A8FF49001BD96B /* Supporting Files */ = {
			isa = PBXGroup;
			children = (
				072507CE18A8FF49001BD96B /* BeaconTest-Info.plist */,
				072507CF18A8FF49001BD96B /* InfoPlist.strings */,
				072507D218A8FF49001BD96B /* main.m */,
				072507D418A8FF49001BD96B /* BeaconTest-Prefix.pch */,
			);
			name = "Supporting Files";
			sourceTree = "<group>";
		};
		072507EE18A8FF49001BD96B /* BeaconTestTests */ = {
			isa = PBXGroup;
			children = (
				072507F418A8FF49001BD96B /* BeaconTestTests.m */,
				072507EF18A8FF49001BD96B /* Supporting Files */,
			);
			path = BeaconTestTests;
			sourceTree = "<group>";
		};
		072507EF18A8FF49001BD96B /* Supporting Files */ = {
			isa = PBXGroup;
			children = (
				072507F018A8FF49001BD96B /* BeaconTestTests-Info.plist */,
				072507F118A8FF49001BD96B /* InfoPlist.strings */,
			);
			name = "Supporting Files";
			sourceTree = "<group>";
		};
		0733733A18BF9AFE007DF655 /* Beacons */ = {
			isa = PBXGroup;
			children = (
				0783A1DB18ABA59B00906A29 /* Beacon.h */,
				0783A1DC18ABA59B00906A29 /* Beacon.m */,
				0733733C18BFDBBE007DF655 /* FilteringBeacon.h */,
				0733733D18BFDBBE007DF655 /* FilteringBeacon.m */,
				0733733B18BF9B12007DF655 /* BeaconManagerDelegate.h */,
				0733733718BF9AF8007DF655 /* BeaconManager.h */,
				0733733818BF9AF8007DF655 /* BeaconManager.m */,
			);
			name = Beacons;
			sourceTree = "<group>";
		};
/* End PBXGroup section */

/* Begin PBXNativeTarget section */
		072507C218A8FF49001BD96B /* BeaconTest */ = {
			isa = PBXNativeTarget;
			buildConfigurationList = 072507F818A8FF49001BD96B /* Build configuration list for PBXNativeTarget "BeaconTest" */;
			buildPhases = (
				072507BF18A8FF49001BD96B /* Sources */,
				072507C018A8FF49001BD96B /* Frameworks */,
				072507C118A8FF49001BD96B /* Resources */,
			);
			buildRules = (
			);
			dependencies = (
			);
			name = BeaconTest;
			productName = BeaconTest;
			productReference = 072507C318A8FF49001BD96B /* BeaconTest.app */;
			productType = "com.apple.product-type.application";
		};
		072507E618A8FF49001BD96B /* BeaconTestTests */ = {
			isa = PBXNativeTarget;
			buildConfigurationList = 072507FB18A8FF49001BD96B /* Build configuration list for PBXNativeTarget "BeaconTestTests" */;
			buildPhases = (
				072507E318A8FF49001BD96B /* Sources */,
				072507E418A8FF49001BD96B /* Frameworks */,
				072507E518A8FF49001BD96B /* Resources */,
			);
			buildRules = (
			);
			dependencies = (
				072507ED18A8FF49001BD96B /* PBXTargetDependency */,
			);
			name = BeaconTestTests;
			productName = BeaconTestTests;
			productReference = 072507E718A8FF49001BD96B /* BeaconTestTests.xctest */;
			productType = "com.apple.product-type.bundle.unit-test";
		};
/* End PBXNativeTarget section */

/* Begin PBXProject section */
		072507BB18A8FF49001BD96B /* Project object */ = {
			isa = PBXProject;
			attributes = {
				LastUpgradeCheck = 0500;
				ORGANIZATIONNAME = "Adam Wright";
				TargetAttributes = {
					072507C218A8FF49001BD96B = {
						DevelopmentTeam = NKJ4UT689U;
					};
					072507E618A8FF49001BD96B = {
						TestTargetID = 072507C218A8FF49001BD96B;
					};
				};
			};
			buildConfigurationList = 072507BE18A8FF49001BD96B /* Build configuration list for PBXProject "BeaconTest" */;
			compatibilityVersion = "Xcode 3.2";
			developmentRegion = English;
			hasScannedForEncodings = 0;
			knownRegions = (
				en,
				Base,
			);
			mainGroup = 072507BA18A8FF49001BD96B;
			productRefGroup = 072507C418A8FF49001BD96B /* Products */;
			projectDirPath = "";
			projectRoot = "";
			targets = (
				072507C218A8FF49001BD96B /* BeaconTest */,
				072507E618A8FF49001BD96B /* BeaconTestTests */,
			);
		};
/* End PBXProject section */

/* Begin PBXResourcesBuildPhase section */
		072507C118A8FF49001BD96B /* Resources */ = {
			isa = PBXResourcesBuildPhase;
			buildActionMask = 2147483647;
			files = (
				072507E218A8FF49001BD96B /* Images.xcassets in Resources */,
				072507D118A8FF49001BD96B /* InfoPlist.strings in Resources */,
				072507DA18A8FF49001BD96B /* Main.storyboard in Resources */,
				0733733118BF652B007DF655 /* CorePlotHeaders in Resources */,
			);
			runOnlyForDeploymentPostprocessing = 0;
		};
		072507E518A8FF49001BD96B /* Resources */ = {
			isa = PBXResourcesBuildPhase;
			buildActionMask = 2147483647;
			files = (
				072507F318A8FF49001BD96B /* InfoPlist.strings in Resources */,
			);
			runOnlyForDeploymentPostprocessing = 0;
		};
/* End PBXResourcesBuildPhase section */

/* Begin PBXSourcesBuildPhase section */
		072507BF18A8FF49001BD96B /* Sources */ = {
			isa = PBXSourcesBuildPhase;
			buildActionMask = 2147483647;
			files = (
				0733733618BF6590007DF655 /* RSSIGraphViewController.m in Sources */,
				072507D718A8FF49001BD96B /* AppDelegate.m in Sources */,
				0725080018AAB11F001BD96B /* BeaconConfigurationListViewController.m in Sources */,
				072507DD18A8FF49001BD96B /* BeaconListViewController.m in Sources */,
				0783A1DD18ABA59B00906A29 /* Beacon.m in Sources */,
				0733733918BF9AF8007DF655 /* BeaconManager.m in Sources */,
				0725080318AAB157001BD96B /* BeaconConfigurationViewController.m in Sources */,
				0733733E18BFDBBE007DF655 /* FilteringBeacon.m in Sources */,
				072507D318A8FF49001BD96B /* main.m in Sources */,
			);
			runOnlyForDeploymentPostprocessing = 0;
		};
		072507E318A8FF49001BD96B /* Sources */ = {
			isa = PBXSourcesBuildPhase;
			buildActionMask = 2147483647;
			files = (
				072507F518A8FF49001BD96B /* BeaconTestTests.m in Sources */,
			);
			runOnlyForDeploymentPostprocessing = 0;
		};
/* End PBXSourcesBuildPhase section */

/* Begin PBXTargetDependency section */
		072507ED18A8FF49001BD96B /* PBXTargetDependency */ = {
			isa = PBXTargetDependency;
			target = 072507C218A8FF49001BD96B /* BeaconTest */;
			targetProxy = 072507EC18A8FF49001BD96B /* PBXContainerItemProxy */;
		};
/* End PBXTargetDependency section */

/* Begin PBXVariantGroup section */
		072507CF18A8FF49001BD96B /* InfoPlist.strings */ = {
			isa = PBXVariantGroup;
			children = (
				072507D018A8FF49001BD96B /* en */,
			);
			name = InfoPlist.strings;
			sourceTree = "<group>";
		};
		072507D818A8FF49001BD96B /* Main.storyboard */ = {
			isa = PBXVariantGroup;
			children = (
				072507D918A8FF49001BD96B /* Base */,
			);
			name = Main.storyboard;
			sourceTree = "<group>";
		};
		072507F118A8FF49001BD96B /* InfoPlist.strings */ = {
			isa = PBXVariantGroup;
			children = (
				072507F218A8FF49001BD96B /* en */,
			);
			name = InfoPlist.strings;
			sourceTree = "<group>";
		};
/* End PBXVariantGroup section */

/* Begin XCBuildConfiguration section */
		072507F618A8FF49001BD96B /* Debug */ = {
			isa = XCBuildConfiguration;
			buildSettings = {
				ALWAYS_SEARCH_USER_PATHS = NO;
				ARCHS = "$(ARCHS_STANDARD_INCLUDING_64_BIT)";
				CLANG_CXX_LANGUAGE_STANDARD = "gnu++0x";
				CLANG_CXX_LIBRARY = "libc++";
				CLANG_ENABLE_MODULES = YES;
				CLANG_ENABLE_OBJC_ARC = YES;
				CLANG_WARN_BOOL_CONVERSION = YES;
				CLANG_WARN_CONSTANT_CONVERSION = YES;
				CLANG_WARN_DIRECT_OBJC_ISA_USAGE = YES_ERROR;
				CLANG_WARN_EMPTY_BODY = YES;
				CLANG_WARN_ENUM_CONVERSION = YES;
				CLANG_WARN_INT_CONVERSION = YES;
				CLANG_WARN_OBJC_ROOT_CLASS = YES_ERROR;
				CLANG_WARN__DUPLICATE_METHOD_MATCH = YES;
				"CODE_SIGN_IDENTITY[sdk=iphoneos*]" = "iPhone Developer";
				COPY_PHASE_STRIP = NO;
				GCC_C_LANGUAGE_STANDARD = gnu99;
				GCC_DYNAMIC_NO_PIC = NO;
				GCC_OPTIMIZATION_LEVEL = 0;
				GCC_PREPROCESSOR_DEFINITIONS = (
					"DEBUG=1",
					"$(inherited)",
				);
				GCC_SYMBOLS_PRIVATE_EXTERN = NO;
				GCC_WARN_64_TO_32_BIT_CONVERSION = YES;
				GCC_WARN_ABOUT_RETURN_TYPE = YES_ERROR;
				GCC_WARN_UNDECLARED_SELECTOR = YES;
				GCC_WARN_UNINITIALIZED_AUTOS = YES;
				GCC_WARN_UNUSED_FUNCTION = YES;
				GCC_WARN_UNUSED_VARIABLE = YES;
				IPHONEOS_DEPLOYMENT_TARGET = 7.0;
				ONLY_ACTIVE_ARCH = YES;
				SDKROOT = iphoneos;
			};
			name = Debug;
		};
		072507F718A8FF49001BD96B /* Release */ = {
			isa = XCBuildConfiguration;
			buildSettings = {
				ALWAYS_SEARCH_USER_PATHS = NO;
				ARCHS = "$(ARCHS_STANDARD_INCLUDING_64_BIT)";
				CLANG_CXX_LANGUAGE_STANDARD = "gnu++0x";
				CLANG_CXX_LIBRARY = "libc++";
				CLANG_ENABLE_MODULES = YES;
				CLANG_ENABLE_OBJC_ARC = YES;
				CLANG_WARN_BOOL_CONVERSION = YES;
				CLANG_WARN_CONSTANT_CONVERSION = YES;
				CLANG_WARN_DIRECT_OBJC_ISA_USAGE = YES_ERROR;
				CLANG_WARN_EMPTY_BODY = YES;
				CLANG_WARN_ENUM_CONVERSION = YES;
				CLANG_WARN_INT_CONVERSION = YES;
				CLANG_WARN_OBJC_ROOT_CLASS = YES_ERROR;
				CLANG_WARN__DUPLICATE_METHOD_MATCH = YES;
				"CODE_SIGN_IDENTITY[sdk=iphoneos*]" = "iPhone Developer";
				COPY_PHASE_STRIP = YES;
				ENABLE_NS_ASSERTIONS = NO;
				GCC_C_LANGUAGE_STANDARD = gnu99;
				GCC_WARN_64_TO_32_BIT_CONVERSION = YES;
				GCC_WARN_ABOUT_RETURN_TYPE = YES_ERROR;
				GCC_WARN_UNDECLARED_SELECTOR = YES;
				GCC_WARN_UNINITIALIZED_AUTOS = YES;
				GCC_WARN_UNUSED_FUNCTION = YES;
				GCC_WARN_UNUSED_VARIABLE = YES;
				IPHONEOS_DEPLOYMENT_TARGET = 7.0;
				SDKROOT = iphoneos;
				VALIDATE_PRODUCT = YES;
			};
			name = Release;
		};
		072507F918A8FF49001BD96B /* Debug */ = {
			isa = XCBuildConfiguration;
			buildSettings = {
				ARCHS = "$(ARCHS_STANDARD)";
				ASSETCATALOG_COMPILER_APPICON_NAME = AppIcon;
				ASSETCATALOG_COMPILER_LAUNCHIMAGE_NAME = LaunchImage;
				CODE_SIGN_IDENTITY = "iPhone Developer";
				"CODE_SIGN_IDENTITY[sdk=iphoneos*]" = "iPhone Developer";
				GCC_PRECOMPILE_PREFIX_HEADER = YES;
				GCC_PREFIX_HEADER = "BeaconTest/BeaconTest-Prefix.pch";
				INFOPLIST_FILE = "BeaconTest/BeaconTest-Info.plist";
				LIBRARY_SEARCH_PATHS = (
					"$(inherited)",
					/Users/adamw/Projects/BeaconTest,
				);
				OTHER_LDFLAGS = (
					"-ObjC",
					"-all_load",
				);
				PRODUCT_NAME = "$(TARGET_NAME)";
				PROVISIONING_PROFILE = "";
				VALID_ARCHS = "armv7 armv7s";
				WRAPPER_EXTENSION = app;
			};
			name = Debug;
		};
		072507FA18A8FF49001BD96B /* Release */ = {
			isa = XCBuildConfiguration;
			buildSettings = {
				ARCHS = "$(ARCHS_STANDARD)";
				ASSETCATALOG_COMPILER_APPICON_NAME = AppIcon;
				ASSETCATALOG_COMPILER_LAUNCHIMAGE_NAME = LaunchImage;
				CODE_SIGN_IDENTITY = "iPhone Developer";
				"CODE_SIGN_IDENTITY[sdk=iphoneos*]" = "iPhone Developer";
				GCC_PRECOMPILE_PREFIX_HEADER = YES;
				GCC_PREFIX_HEADER = "BeaconTest/BeaconTest-Prefix.pch";
				INFOPLIST_FILE = "BeaconTest/BeaconTest-Info.plist";
				LIBRARY_SEARCH_PATHS = (
					"$(inherited)",
					/Users/adamw/Projects/BeaconTest,
				);
				OTHER_LDFLAGS = (
					"-ObjC",
					"-all_load",
				);
				PRODUCT_NAME = "$(TARGET_NAME)";
				PROVISIONING_PROFILE = "";
				VALID_ARCHS = "armv7 armv7s";
				WRAPPER_EXTENSION = app;
			};
			name = Release;
		};
		072507FC18A8FF49001BD96B /* Debug */ = {
			isa = XCBuildConfiguration;
			buildSettings = {
				ARCHS = "$(ARCHS_STANDARD_INCLUDING_64_BIT)";
				BUNDLE_LOADER = "$(BUILT_PRODUCTS_DIR)/BeaconTest.app/BeaconTest";
				FRAMEWORK_SEARCH_PATHS = (
					"$(SDKROOT)/Developer/Library/Frameworks",
					"$(inherited)",
					"$(DEVELOPER_FRAMEWORKS_DIR)",
				);
				GCC_PRECOMPILE_PREFIX_HEADER = YES;
				GCC_PREFIX_HEADER = "BeaconTest/BeaconTest-Prefix.pch";
				GCC_PREPROCESSOR_DEFINITIONS = (
					"DEBUG=1",
					"$(inherited)",
				);
				INFOPLIST_FILE = "BeaconTestTests/BeaconTestTests-Info.plist";
				PRODUCT_NAME = "$(TARGET_NAME)";
				TEST_HOST = "$(BUNDLE_LOADER)";
				WRAPPER_EXTENSION = xctest;
			};
			name = Debug;
		};
		072507FD18A8FF49001BD96B /* Release */ = {
			isa = XCBuildConfiguration;
			buildSettings = {
				ARCHS = "$(ARCHS_STANDARD_INCLUDING_64_BIT)";
				BUNDLE_LOADER = "$(BUILT_PRODUCTS_DIR)/BeaconTest.app/BeaconTest";
				FRAMEWORK_SEARCH_PATHS = (
					"$(SDKROOT)/Developer/Library/Frameworks",
					"$(inherited)",
					"$(DEVELOPER_FRAMEWORKS_DIR)",
				);
				GCC_PRECOMPILE_PREFIX_HEADER = YES;
				GCC_PREFIX_HEADER = "BeaconTest/BeaconTest-Prefix.pch";
				INFOPLIST_FILE = "BeaconTestTests/BeaconTestTests-Info.plist";
				PRODUCT_NAME = "$(TARGET_NAME)";
				TEST_HOST = "$(BUNDLE_LOADER)";
				WRAPPER_EXTENSION = xctest;
			};
			name = Release;
		};
/* End XCBuildConfiguration section */

/* Begin XCConfigurationList section */
		072507BE18A8FF49001BD96B /* Build configuration list for PBXProject "BeaconTest" */ = {
			isa = XCConfigurationList;
			buildConfigurations = (
				072507F618A8FF49001BD96B /* Debug */,
				072507F718A8FF49001BD96B /* Release */,
			);
			defaultConfigurationIsVisible = 0;
			defaultConfigurationName = Release;
		};
		072507F818A8FF49001BD96B /* Build configuration list for PBXNativeTarget "BeaconTest" */ = {
			isa = XCConfigurationList;
			buildConfigurations = (
				072507F918A8FF49001BD96B /* Debug */,
				072507FA18A8FF49001BD96B /* Release */,
			);
			defaultConfigurationIsVisible = 0;
			defaultConfigurationName = Release;
		};
		072507FB18A8FF49001BD96B /* Build configuration list for PBXNativeTarget "BeaconTestTests" */ = {
			isa = XCConfigurationList;
			buildConfigurations = (
				072507FC18A8FF49001BD96B /* Debug */,
				072507FD18A8FF49001BD96B /* Release */,
			);
			defaultConfigurationIsVisible = 0;
			defaultConfigurationName = Release;
		};
/* End XCConfigurationList section */
	};
	rootObject = 072507BB18A8FF49001BD96B /* Project object */;
}
